
Microsoft Visual Studio Solution File, Format Version 12.00
# Visual Studio Version 17
VisualStudioVersion = 17.2.32602.215
MinimumVisualStudioVersion = 10.0.40219.1
Project("{FAE04EC0-301F-11D3-BF4B-00C04F79EFBC}") = "NomadForce", "NomadForce.csproj", "{B76CF4C4-A7B4-4ABE-A0C4-A89C7A34A830}"
EndProject
Global
	GlobalSection(SolutionConfigurationPlatforms) = preSolution
		Debug|Any CPU = Debug|Any CPU
		Release|Any CPU = Release|Any CPU
	EndGlobalSection
	GlobalSection(ProjectConfigurationPlatforms) = postSolution
		{B76CF4C4-A7B4-4ABE-A0C4-A89C7A34A830}.Debug|Any CPU.ActiveCfg = Debug|Any CPU
		{B76CF4C4-A7B4-4ABE-A0C4-A89C7A34A830}.Debug|Any CPU.Build.0 = Debug|Any CPU
		{B76CF4C4-A7B4-4ABE-A0C4-A89C7A34A830}.Release|Any CPU.ActiveCfg = Release|Any CPU
		{B76CF4C4-A7B4-4ABE-A0C4-A89C7A34A830}.Release|Any CPU.Build.0 = Release|Any CPU
	EndGlobalSection
	GlobalSection(SolutionProperties) = preSolution
		HideSolutionNode = FALSE
	EndGlobalSection
	GlobalSection(ExtensibilityGlobals) = postSolution
		SolutionGuid = {8B722463-8D70-4A65-BA16-1657E24CAAFD}
	EndGlobalSection
EndGlobal
